
Microsoft Visual Studio Solution File, Format Version 12.00
# Visual Studio Version 17
VisualStudioVersion = 17.14.36511.14 d17.14
MinimumVisualStudioVersion = 10.0.40219.1
Project("{FAE04EC0-301F-11D3-BF4B-00C04F79EFBC}") = "RazorInContainers", "RazorInContainers\RazorInContainers.csproj", "{2D84FED1-ACC6-4F2E-A012-CFB56C63F13A}"
EndProject
Global
	GlobalSection(SolutionConfigurationPlatforms) = preSolution
		Debug|Any CPU = Debug|Any CPU
		Release|Any CPU = Release|Any CPU
	EndGlobalSection
	GlobalSection(ProjectConfigurationPlatforms) = postSolution
		{2D84FED1-ACC6-4F2E-A012-CFB56C63F13A}.Debug|Any CPU.ActiveCfg = Debug|Any CPU
		{2D84FED1-ACC6-4F2E-A012-CFB56C63F13A}.Debug|Any CPU.Build.0 = Debug|Any CPU
		{2D84FED1-ACC6-4F2E-A012-CFB56C63F13A}.Release|Any CPU.ActiveCfg = Release|Any CPU
		{2D84FED1-ACC6-4F2E-A012-CFB56C63F13A}.Release|Any CPU.Build.0 = Release|Any CPU
	EndGlobalSection
	GlobalSection(SolutionProperties) = preSolution
		HideSolutionNode = FALSE
	EndGlobalSection
	GlobalSection(ExtensibilityGlobals) = postSolution
		SolutionGuid = {B4171921-3749-41C2-8EE6-5237386992C4}
	EndGlobalSection
EndGlobal
